
Microsoft Visual Studio Solution File, Format Version 12.00
# Visual Studio Version 17
VisualStudioVersion = 17.8.34322.80
MinimumVisualStudioVersion = 10.0.40219.1
Project("{FAE04EC0-301F-11D3-BF4B-00C04F79EFBC}") = "DataStructures", "DataStructures.csproj", "{D0CFF356-225E-4A49-A1CB-61974BC42A26}"
EndProject
Global
	GlobalSection(SolutionConfigurationPlatforms) = preSolution
		Debug|Any CPU = Debug|Any CPU
		Release|Any CPU = Release|Any CPU
	EndGlobalSection
	GlobalSection(ProjectConfigurationPlatforms) = postSolution
		{D0CFF356-225E-4A49-A1CB-61974BC42A26}.Debug|Any CPU.ActiveCfg = Debug|Any CPU
		{D0CFF356-225E-4A49-A1CB-61974BC42A26}.Debug|Any CPU.Build.0 = Debug|Any CPU
		{D0CFF356-225E-4A49-A1CB-61974BC42A26}.Release|Any CPU.ActiveCfg = Release|Any CPU
		{D0CFF356-225E-4A49-A1CB-61974BC42A26}.Release|Any CPU.Build.0 = Release|Any CPU
	EndGlobalSection
	GlobalSection(SolutionProperties) = preSolution
		HideSolutionNode = FALSE
	EndGlobalSection
	GlobalSection(ExtensibilityGlobals) = postSolution
		SolutionGuid = {4A505EB9-0DA8-4C67-9209-53A9552EAB4E}
	EndGlobalSection
EndGlobal
